// !$*UTF8*$!
{
	archiveVersion = 1;
	classes = {
	};
	objectVersion = 46;
	objects = {

/* Begin PBXBuildFile section */
		52FE7D74065C5404C466933C /* Pods_location.framework in Frameworks */ = {isa = PBXBuildFile; fileRef = FB0AFF11D014E69C3FBA5543 /* Pods_location.framework */; };
		9A44DAF03B6441CD0E43AEDE /* Pods_locationTests.framework in Frameworks */ = {isa = PBXBuildFile; fileRef = 7DA51588A3FBC0E4457B0A46 /* Pods_locationTests.framework */; };
		C173102D1F454A2E007F9D22 /* LocationViewController.swift in Sources */ = {isa = PBXBuildFile; fileRef = C173102C1F454A2E007F9D22 /* LocationViewController.swift */; };
		C1A728EA1F46FDC000C13ABB /* MyCustomCell.swift in Sources */ = {isa = PBXBuildFile; fileRef = C1A728E91F46FDC000C13ABB /* MyCustomCell.swift */; };
		C1D2467C1F44202A00F15347 /* AppDelegate.swift in Sources */ = {isa = PBXBuildFile; fileRef = C1D2467B1F44202A00F15347 /* AppDelegate.swift */; };
		C1D2467E1F44202A00F15347 /* ViewController.swift in Sources */ = {isa = PBXBuildFile; fileRef = C1D2467D1F44202A00F15347 /* ViewController.swift */; };
		C1D246811F44202A00F15347 /* Main.storyboard in Resources */ = {isa = PBXBuildFile; fileRef = C1D2467F1F44202A00F15347 /* Main.storyboard */; };
		C1D246831F44202A00F15347 /* Assets.xcassets in Resources */ = {isa = PBXBuildFile; fileRef = C1D246821F44202A00F15347 /* Assets.xcassets */; };
		C1D246861F44202A00F15347 /* LaunchScreen.storyboard in Resources */ = {isa = PBXBuildFile; fileRef = C1D246841F44202A00F15347 /* LaunchScreen.storyboard */; };
		C1D246911F44202A00F15347 /* locationTests.swift in Sources */ = {isa = PBXBuildFile; fileRef = C1D246901F44202A00F15347 /* locationTests.swift */; };
		C1D2469C1F44202A00F15347 /* locationUITests.swift in Sources */ = {isa = PBXBuildFile; fileRef = C1D2469B1F44202A00F15347 /* locationUITests.swift */; };
		C1D246AA1F44284C00F15347 /* LocationTableViewController.swift in Sources */ = {isa = PBXBuildFile; fileRef = C1D246A91F44284C00F15347 /* LocationTableViewController.swift */; };
		C1D246AC1F442A7700F15347 /* maplocation.swift in Sources */ = {isa = PBXBuildFile; fileRef = C1D246AB1F442A7700F15347 /* maplocation.swift */; };
		DE064D223D5A710590B72DED /* Pods_locationUITests.framework in Frameworks */ = {isa = PBXBuildFile; fileRef = F6C4B6B10B85A8F5A1304E15 /* Pods_locationUITests.framework */; };
/* End PBXBuildFile section */

/* Begin PBXContainerItemProxy section */
		C1D2468D1F44202A00F15347 /* PBXContainerItemProxy */ = {
			isa = PBXContainerItemProxy;
			containerPortal = C1D246701F44202A00F15347 /* Project object */;
			proxyType = 1;
			remoteGlobalIDString = C1D246771F44202A00F15347;
			remoteInfo = location;
		};
		C1D246981F44202A00F15347 /* PBXContainerItemProxy */ = {
			isa = PBXContainerItemProxy;
			containerPortal = C1D246701F44202A00F15347 /* Project object */;
			proxyType = 1;
			remoteGlobalIDString = C1D246771F44202A00F15347;
			remoteInfo = location;
		};
/* End PBXContainerItemProxy section */

/* Begin PBXFileReference section */
		5135598866D98374038B46B3 /* Pods-locationTests.debug.xcconfig */ = {isa = PBXFileReference; includeInIndex = 1; lastKnownFileType = text.xcconfig; name = "Pods-locationTests.debug.xcconfig"; path = "Pods/Target Support Files/Pods-locationTests/Pods-locationTests.debug.xcconfig"; sourceTree = "<group>"; };
		7DA51588A3FBC0E4457B0A46 /* Pods_locationTests.framework */ = {isa = PBXFileReference; explicitFileType = wrapper.framework; includeInIndex = 0; path = Pods_locationTests.framework; sourceTree = BUILT_PRODUCTS_DIR; };
		BCEC27065F8889D7DE375117 /* Pods-location.debug.xcconfig */ = {isa = PBXFileReference; includeInIndex = 1; lastKnownFileType = text.xcconfig; name = "Pods-location.debug.xcconfig"; path = "Pods/Target Support Files/Pods-location/Pods-location.debug.xcconfig"; sourceTree = "<group>"; };
		BF7DBDF1F5D0EF3CBA38D4EF /* Pods-location.release.xcconfig */ = {isa = PBXFileReference; includeInIndex = 1; lastKnownFileType = text.xcconfig; name = "Pods-location.release.xcconfig"; path = "Pods/Target Support Files/Pods-location/Pods-location.release.xcconfig"; sourceTree = "<group>"; };
		C173102C1F454A2E007F9D22 /* LocationViewController.swift */ = {isa = PBXFileReference; fileEncoding = 4; lastKnownFileType = sourcecode.swift; name = LocationViewController.swift; path = ../LocationViewController.swift; sourceTree = "<group>"; };
		C1A728E91F46FDC000C13ABB /* MyCustomCell.swift */ = {isa = PBXFileReference; fileEncoding = 4; lastKnownFileType = sourcecode.swift; path = MyCustomCell.swift; sourceTree = "<group>"; };
		C1D246781F44202A00F15347 /* location.app */ = {isa = PBXFileReference; explicitFileType = wrapper.application; includeInIndex = 0; path = location.app; sourceTree = BUILT_PRODUCTS_DIR; };
		C1D2467B1F44202A00F15347 /* AppDelegate.swift */ = {isa = PBXFileReference; lastKnownFileType = sourcecode.swift; path = AppDelegate.swift; sourceTree = "<group>"; };
		C1D2467D1F44202A00F15347 /* ViewController.swift */ = {isa = PBXFileReference; lastKnownFileType = sourcecode.swift; path = ViewController.swift; sourceTree = "<group>"; };
		C1D246801F44202A00F15347 /* Base */ = {isa = PBXFileReference; lastKnownFileType = file.storyboard; name = Base; path = Base.lproj/Main.storyboard; sourceTree = "<group>"; };
		C1D246821F44202A00F15347 /* Assets.xcassets */ = {isa = PBXFileReference; lastKnownFileType = folder.assetcatalog; path = Assets.xcassets; sourceTree = "<group>"; };
		C1D246851F44202A00F15347 /* Base */ = {isa = PBXFileReference; lastKnownFileType = file.storyboard; name = Base; path = Base.lproj/LaunchScreen.storyboard; sourceTree = "<group>"; };
		C1D246871F44202A00F15347 /* Info.plist */ = {isa = PBXFileReference; lastKnownFileType = text.plist.xml; path = Info.plist; sourceTree = "<group>"; };
		C1D2468C1F44202A00F15347 /* locationTests.xctest */ = {isa = PBXFileReference; explicitFileType = wrapper.cfbundle; includeInIndex = 0; path = locationTests.xctest; sourceTree = BUILT_PRODUCTS_DIR; };
		C1D246901F44202A00F15347 /* locationTests.swift */ = {isa = PBXFileReference; lastKnownFileType = sourcecode.swift; path = locationTests.swift; sourceTree = "<group>"; };
		C1D246921F44202A00F15347 /* Info.plist */ = {isa = PBXFileReference; lastKnownFileType = text.plist.xml; path = Info.plist; sourceTree = "<group>"; };
		C1D246971F44202A00F15347 /* locationUITests.xctest */ = {isa = PBXFileReference; explicitFileType = wrapper.cfbundle; includeInIndex = 0; path = locationUITests.xctest; sourceTree = BUILT_PRODUCTS_DIR; };
		C1D2469B1F44202A00F15347 /* locationUITests.swift */ = {isa = PBXFileReference; lastKnownFileType = sourcecode.swift; path = locationUITests.swift; sourceTree = "<group>"; };
		C1D2469D1F44202A00F15347 /* Info.plist */ = {isa = PBXFileReference; lastKnownFileType = text.plist.xml; path = Info.plist; sourceTree = "<group>"; };
		C1D246A91F44284C00F15347 /* LocationTableViewController.swift */ = {isa = PBXFileReference; fileEncoding = 4; lastKnownFileType = sourcecode.swift; path = LocationTableViewController.swift; sourceTree = "<group>"; };
		C1D246AB1F442A7700F15347 /* maplocation.swift */ = {isa = PBXFileReference; fileEncoding = 4; lastKnownFileType = sourcecode.swift; path = maplocation.swift; sourceTree = "<group>"; };
		C5D625B9382887B56CFE10BA /* Pods-locationUITests.debug.xcconfig */ = {isa = PBXFileReference; includeInIndex = 1; lastKnownFileType = text.xcconfig; name = "Pods-locationUITests.debug.xcconfig"; path = "Pods/Target Support Files/Pods-locationUITests/Pods-locationUITests.debug.xcconfig"; sourceTree = "<group>"; };
		CCFE0BDD94163AC4BBE8BB65 /* Pods-locationUITests.release.xcconfig */ = {isa = PBXFileReference; includeInIndex = 1; lastKnownFileType = text.xcconfig; name = "Pods-locationUITests.release.xcconfig"; path = "Pods/Target Support Files/Pods-locationUITests/Pods-locationUITests.release.xcconfig"; sourceTree = "<group>"; };
		D487BCD3125CB22984B6C836 /* Pods-locationTests.release.xcconfig */ = {isa = PBXFileReference; includeInIndex = 1; lastKnownFileType = text.xcconfig; name = "Pods-locationTests.release.xcconfig"; path = "Pods/Target Support Files/Pods-locationTests/Pods-locationTests.release.xcconfig"; sourceTree = "<group>"; };
		F6C4B6B10B85A8F5A1304E15 /* Pods_locationUITests.framework */ = {isa = PBXFileReference; explicitFileType = wrapper.framework; includeInIndex = 0; path = Pods_locationUITests.framework; sourceTree = BUILT_PRODUCTS_DIR; };
		FB0AFF11D014E69C3FBA5543 /* Pods_location.framework */ = {isa = PBXFileReference; explicitFileType = wrapper.framework; includeInIndex = 0; path = Pods_location.framework; sourceTree = BUILT_PRODUCTS_DIR; };
/* End PBXFileReference section */

/* Begin PBXFrameworksBuildPhase section */
		C1D246751F44202A00F15347 /* Frameworks */ = {
			isa = PBXFrameworksBuildPhase;
			buildActionMask = 2147483647;
			files = (
				52FE7D74065C5404C466933C /* Pods_location.framework in Frameworks */,
			);
			runOnlyForDeploymentPostprocessing = 0;
		};
		C1D246891F44202A00F15347 /* Frameworks */ = {
			isa = PBXFrameworksBuildPhase;
			buildActionMask = 2147483647;
			files = (
				9A44DAF03B6441CD0E43AEDE /* Pods_locationTests.framework in Frameworks */,
			);
			runOnlyForDeploymentPostprocessing = 0;
		};
		C1D246941F44202A00F15347 /* Frameworks */ = {
			isa = PBXFrameworksBuildPhase;
			buildActionMask = 2147483647;
			files = (
				DE064D223D5A710590B72DED /* Pods_locationUITests.framework in Frameworks */,
			);
			runOnlyForDeploymentPostprocessing = 0;
		};
/* End PBXFrameworksBuildPhase section */

/* Begin PBXGroup section */
		97794589B635ED51A5CB69ED /* Pods */ = {
			isa = PBXGroup;
			children = (
				BCEC27065F8889D7DE375117 /* Pods-location.debug.xcconfig */,
				BF7DBDF1F5D0EF3CBA38D4EF /* Pods-location.release.xcconfig */,
				5135598866D98374038B46B3 /* Pods-locationTests.debug.xcconfig */,
				D487BCD3125CB22984B6C836 /* Pods-locationTests.release.xcconfig */,
				C5D625B9382887B56CFE10BA /* Pods-locationUITests.debug.xcconfig */,
				CCFE0BDD94163AC4BBE8BB65 /* Pods-locationUITests.release.xcconfig */,
			);
			name = Pods;
			sourceTree = "<group>";
		};
		C1D2466F1F44202A00F15347 = {
			isa = PBXGroup;
			children = (
				C1D2467A1F44202A00F15347 /* location */,
				C1D2468F1F44202A00F15347 /* locationTests */,
				C1D2469A1F44202A00F15347 /* locationUITests */,
				C1D246791F44202A00F15347 /* Products */,
				97794589B635ED51A5CB69ED /* Pods */,
				E5C9577FD8E507E09473C9BF /* Frameworks */,
			);
			sourceTree = "<group>";
		};
		C1D246791F44202A00F15347 /* Products */ = {
			isa = PBXGroup;
			children = (
				C1D246781F44202A00F15347 /* location.app */,
				C1D2468C1F44202A00F15347 /* locationTests.xctest */,
				C1D246971F44202A00F15347 /* locationUITests.xctest */,
			);
			name = Products;
			sourceTree = "<group>";
		};
		C1D2467A1F44202A00F15347 /* location */ = {
			isa = PBXGroup;
			children = (
				C173102C1F454A2E007F9D22 /* LocationViewController.swift */,
				C1D2467B1F44202A00F15347 /* AppDelegate.swift */,
				C1D2467D1F44202A00F15347 /* ViewController.swift */,
				C1D246A91F44284C00F15347 /* LocationTableViewController.swift */,
				C1D246AB1F442A7700F15347 /* maplocation.swift */,
				C1D2467F1F44202A00F15347 /* Main.storyboard */,
				C1D246821F44202A00F15347 /* Assets.xcassets */,
				C1D246841F44202A00F15347 /* LaunchScreen.storyboard */,
				C1D246871F44202A00F15347 /* Info.plist */,
				C1A728E91F46FDC000C13ABB /* MyCustomCell.swift */,
			);
			path = location;
			sourceTree = "<group>";
		};
		C1D2468F1F44202A00F15347 /* locationTests */ = {
			isa = PBXGroup;
			children = (
				C1D246901F44202A00F15347 /* locationTests.swift */,
				C1D246921F44202A00F15347 /* Info.plist */,
			);
			path = locationTests;
			sourceTree = "<group>";
		};
		C1D2469A1F44202A00F15347 /* locationUITests */ = {
			isa = PBXGroup;
			children = (
				C1D2469B1F44202A00F15347 /* locationUITests.swift */,
				C1D2469D1F44202A00F15347 /* Info.plist */,
			);
			path = locationUITests;
			sourceTree = "<group>";
		};
		E5C9577FD8E507E09473C9BF /* Frameworks */ = {
			isa = PBXGroup;
			children = (
				FB0AFF11D014E69C3FBA5543 /* Pods_location.framework */,
				7DA51588A3FBC0E4457B0A46 /* Pods_locationTests.framework */,
				F6C4B6B10B85A8F5A1304E15 /* Pods_locationUITests.framework */,
			);
			name = Frameworks;
			sourceTree = "<group>";
		};
/* End PBXGroup section */

/* Begin PBXNativeTarget section */
		C1D246771F44202A00F15347 /* location */ = {
			isa = PBXNativeTarget;
			buildConfigurationList = C1D246A01F44202A00F15347 /* Build configuration list for PBXNativeTarget "location" */;
			buildPhases = (
				44F8B0C2538934A991441521 /* [CP] Check Pods Manifest.lock */,
				C1D246741F44202A00F15347 /* Sources */,
				C1D246751F44202A00F15347 /* Frameworks */,
				C1D246761F44202A00F15347 /* Resources */,
				B76B328C40626B1123083CA8 /* [CP] Embed Pods Frameworks */,
				C864A0D15F82FBCF1937611D /* [CP] Copy Pods Resources */,
			);
			buildRules = (
			);
			dependencies = (
			);
			name = location;
			productName = location;
			productReference = C1D246781F44202A00F15347 /* location.app */;
			productType = "com.apple.product-type.application";
		};
		C1D2468B1F44202A00F15347 /* locationTests */ = {
			isa = PBXNativeTarget;
			buildConfigurationList = C1D246A31F44202A00F15347 /* Build configuration list for PBXNativeTarget "locationTests" */;
			buildPhases = (
				01AE88A33D410CE21609F9F3 /* [CP] Check Pods Manifest.lock */,
				C1D246881F44202A00F15347 /* Sources */,
				C1D246891F44202A00F15347 /* Frameworks */,
				C1D2468A1F44202A00F15347 /* Resources */,
				F8E2F6A7DD23BB109095A7F9 /* [CP] Embed Pods Frameworks */,
				F20A7ABD3244FD038CB5A522 /* [CP] Copy Pods Resources */,
			);
			buildRules = (
			);
			dependencies = (
				C1D2468E1F44202A00F15347 /* PBXTargetDependency */,
			);
			name = locationTests;
			productName = locationTests;
			productReference = C1D2468C1F44202A00F15347 /* locationTests.xctest */;
			productType = "com.apple.product-type.bundle.unit-test";
		};
		C1D246961F44202A00F15347 /* locationUITests */ = {
			isa = PBXNativeTarget;
			buildConfigurationList = C1D246A61F44202A00F15347 /* Build configuration list for PBXNativeTarget "locationUITests" */;
			buildPhases = (
				84F8D658F5EB0690097D76E7 /* [CP] Check Pods Manifest.lock */,
				C1D246931F44202A00F15347 /* Sources */,
				C1D246941F44202A00F15347 /* Frameworks */,
				C1D246951F44202A00F15347 /* Resources */,
				C87C3DB0D2BA1A3A17CCB4A9 /* [CP] Embed Pods Frameworks */,
				B6B3913635D36575B75373D5 /* [CP] Copy Pods Resources */,
			);
			buildRules = (
			);
			dependencies = (
				C1D246991F44202A00F15347 /* PBXTargetDependency */,
			);
			name = locationUITests;
			productName = locationUITests;
			productReference = C1D246971F44202A00F15347 /* locationUITests.xctest */;
			productType = "com.apple.product-type.bundle.ui-testing";
		};
/* End PBXNativeTarget section */

/* Begin PBXProject section */
		C1D246701F44202A00F15347 /* Project object */ = {
			isa = PBXProject;
			attributes = {
				LastSwiftUpdateCheck = 0830;
				LastUpgradeCheck = 0830;
				ORGANIZATIONNAME = Sumit;
				TargetAttributes = {
					C1D246771F44202A00F15347 = {
						CreatedOnToolsVersion = 8.3.3;
						DevelopmentTeam = 6VU8BC9SZP;
						ProvisioningStyle = Automatic;
					};
					C1D2468B1F44202A00F15347 = {
						CreatedOnToolsVersion = 8.3.3;
						DevelopmentTeam = 6VU8BC9SZP;
						ProvisioningStyle = Automatic;
						TestTargetID = C1D246771F44202A00F15347;
					};
					C1D246961F44202A00F15347 = {
						CreatedOnToolsVersion = 8.3.3;
						DevelopmentTeam = 6VU8BC9SZP;
						ProvisioningStyle = Automatic;
						TestTargetID = C1D246771F44202A00F15347;
					};
				};
			};
			buildConfigurationList = C1D246731F44202A00F15347 /* Build configuration list for PBXProject "location" */;
			compatibilityVersion = "Xcode 3.2";
			developmentRegion = English;
			hasScannedForEncodings = 0;
			knownRegions = (
				en,
				Base,
			);
			mainGroup = C1D2466F1F44202A00F15347;
			productRefGroup = C1D246791F44202A00F15347 /* Products */;
			projectDirPath = "";
			projectRoot = "";
			targets = (
				C1D246771F44202A00F15347 /* location */,
				C1D2468B1F44202A00F15347 /* locationTests */,
				C1D246961F44202A00F15347 /* locationUITests */,
			);
		};
/* End PBXProject section */

/* Begin PBXResourcesBuildPhase section */
		C1D246761F44202A00F15347 /* Resources */ = {
			isa = PBXResourcesBuildPhase;
			buildActionMask = 2147483647;
			files = (
				C1D246861F44202A00F15347 /* LaunchScreen.storyboard in Resources */,
				C1D246831F44202A00F15347 /* Assets.xcassets in Resources */,
				C1D246811F44202A00F15347 /* Main.storyboard in Resources */,
			);
			runOnlyForDeploymentPostprocessing = 0;
		};
		C1D2468A1F44202A00F15347 /* Resources */ = {
			isa = PBXResourcesBuildPhase;
			buildActionMask = 2147483647;
			files = (
			);
			runOnlyForDeploymentPostprocessing = 0;
		};
		C1D246951F44202A00F15347 /* Resources */ = {
			isa = PBXResourcesBuildPhase;
			buildActionMask = 2147483647;
			files = (
			);
			runOnlyForDeploymentPostprocessing = 0;
		};
/* End PBXResourcesBuildPhase section */

/* Begin PBXShellScriptBuildPhase section */
		01AE88A33D410CE21609F9F3 /* [CP] Check Pods Manifest.lock */ = {
			isa = PBXShellScriptBuildPhase;
			buildActionMask = 2147483647;
			files = (
			);
			inputPaths = (
			);
			name = "[CP] Check Pods Manifest.lock";
			outputPaths = (
			);
			runOnlyForDeploymentPostprocessing = 0;
			shellPath = /bin/sh;
			shellScript = "diff \"${PODS_PODFILE_DIR_PATH}/Podfile.lock\" \"${PODS_ROOT}/Manifest.lock\" > /dev/null\nif [ $? != 0 ] ; then\n    # print error to STDERR\n    echo \"error: The sandbox is not in sync with the Podfile.lock. Run 'pod install' or update your CocoaPods installation.\" >&2\n    exit 1\nfi\n";
			showEnvVarsInLog = 0;
		};
		44F8B0C2538934A991441521 /* [CP] Check Pods Manifest.lock */ = {
			isa = PBXShellScriptBuildPhase;
			buildActionMask = 2147483647;
			files = (
			);
			inputPaths = (
			);
			name = "[CP] Check Pods Manifest.lock";
			outputPaths = (
			);
			runOnlyForDeploymentPostprocessing = 0;
			shellPath = /bin/sh;
			shellScript = "diff \"${PODS_PODFILE_DIR_PATH}/Podfile.lock\" \"${PODS_ROOT}/Manifest.lock\" > /dev/null\nif [ $? != 0 ] ; then\n    # print error to STDERR\n    echo \"error: The sandbox is not in sync with the Podfile.lock. Run 'pod install' or update your CocoaPods installation.\" >&2\n    exit 1\nfi\n";
			showEnvVarsInLog = 0;
		};
		84F8D658F5EB0690097D76E7 /* [CP] Check Pods Manifest.lock */ = {
			isa = PBXShellScriptBuildPhase;
			buildActionMask = 2147483647;
			files = (
			);
			inputPaths = (
			);
			name = "[CP] Check Pods Manifest.lock";
			outputPaths = (
			);
			runOnlyForDeploymentPostprocessing = 0;
			shellPath = /bin/sh;
			shellScript = "diff \"${PODS_PODFILE_DIR_PATH}/Podfile.lock\" \"${PODS_ROOT}/Manifest.lock\" > /dev/null\nif [ $? != 0 ] ; then\n    # print error to STDERR\n    echo \"error: The sandbox is not in sync with the Podfile.lock. Run 'pod install' or update your CocoaPods installation.\" >&2\n    exit 1\nfi\n";
			showEnvVarsInLog = 0;
		};
		B6B3913635D36575B75373D5 /* [CP] Copy Pods Resources */ = {
			isa = PBXShellScriptBuildPhase;
			buildActionMask = 2147483647;
			files = (
			);
			inputPaths = (
			);
			name = "[CP] Copy Pods Resources";
			outputPaths = (
			);
			runOnlyForDeploymentPostprocessing = 0;
			shellPath = /bin/sh;
			shellScript = "\"${SRCROOT}/Pods/Target Support Files/Pods-locationUITests/Pods-locationUITests-resources.sh\"\n";
			showEnvVarsInLog = 0;
		};
		B76B328C40626B1123083CA8 /* [CP] Embed Pods Frameworks */ = {
			isa = PBXShellScriptBuildPhase;
			buildActionMask = 2147483647;
			files = (
			);
			inputPaths = (
			);
			name = "[CP] Embed Pods Frameworks";
			outputPaths = (
			);
			runOnlyForDeploymentPostprocessing = 0;
			shellPath = /bin/sh;
			shellScript = "\"${SRCROOT}/Pods/Target Support Files/Pods-location/Pods-location-frameworks.sh\"\n";
			showEnvVarsInLog = 0;
		};
		C864A0D15F82FBCF1937611D /* [CP] Copy Pods Resources */ = {
			isa = PBXShellScriptBuildPhase;
			buildActionMask = 2147483647;
			files = (
			);
			inputPaths = (
			);
			name = "[CP] Copy Pods Resources";
			outputPaths = (
			);
			runOnlyForDeploymentPostprocessing = 0;
			shellPath = /bin/sh;
			shellScript = "\"${SRCROOT}/Pods/Target Support Files/Pods-location/Pods-location-resources.sh\"\n";
			showEnvVarsInLog = 0;
		};
		C87C3DB0D2BA1A3A17CCB4A9 /* [CP] Embed Pods Frameworks */ = {
			isa = PBXShellScriptBuildPhase;
			buildActionMask = 2147483647;
			files = (
			);
			inputPaths = (
			);
			name = "[CP] Embed Pods Frameworks";
			outputPaths = (
			);
			runOnlyForDeploymentPostprocessing = 0;
			shellPath = /bin/sh;
			shellScript = "\"${SRCROOT}/Pods/Target Support Files/Pods-locationUITests/Pods-locationUITests-frameworks.sh\"\n";
			showEnvVarsInLog = 0;
		};
		F20A7ABD3244FD038CB5A522 /* [CP] Copy Pods Resources */ = {
			isa = PBXShellScriptBuildPhase;
			buildActionMask = 2147483647;
			files = (
			);
			inputPaths = (
			);
			name = "[CP] Copy Pods Resources";
			outputPaths = (
			);
			runOnlyForDeploymentPostprocessing = 0;
			shellPath = /bin/sh;
			shellScript = "\"${SRCROOT}/Pods/Target Support Files/Pods-locationTests/Pods-locationTests-resources.sh\"\n";
			showEnvVarsInLog = 0;
		};
		F8E2F6A7DD23BB109095A7F9 /* [CP] Embed Pods Frameworks */ = {
			isa = PBXShellScriptBuildPhase;
			buildActionMask = 2147483647;
			files = (
			);
			inputPaths = (
			);
			name = "[CP] Embed Pods Frameworks";
			outputPaths = (
			);
			runOnlyForDeploymentPostprocessing = 0;
			shellPath = /bin/sh;
			shellScript = "\"${SRCROOT}/Pods/Target Support Files/Pods-locationTests/Pods-locationTests-frameworks.sh\"\n";
			showEnvVarsInLog = 0;
		};
/* End PBXShellScriptBuildPhase section */

/* Begin PBXSourcesBuildPhase section */
		C1D246741F44202A00F15347 /* Sources */ = {
			isa = PBXSourcesBuildPhase;
			buildActionMask = 2147483647;
			files = (
				C173102D1F454A2E007F9D22 /* LocationViewController.swift in Sources */,
				C1D2467E1F44202A00F15347 /* ViewController.swift in Sources */,
				C1A728EA1F46FDC000C13ABB /* MyCustomCell.swift in Sources */,
				C1D2467C1F44202A00F15347 /* AppDelegate.swift in Sources */,
				C1D246AC1F442A7700F15347 /* maplocation.swift in Sources */,
				C1D246AA1F44284C00F15347 /* LocationTableViewController.swift in Sources */,
			);
			runOnlyForDeploymentPostprocessing = 0;
		};
		C1D246881F44202A00F15347 /* Sources */ = {
			isa = PBXSourcesBuildPhase;
			buildActionMask = 2147483647;
			files = (
				C1D246911F44202A00F15347 /* locationTests.swift in Sources */,
			);
			runOnlyForDeploymentPostprocessing = 0;
		};
		C1D246931F44202A00F15347 /* Sources */ = {
			isa = PBXSourcesBuildPhase;
			buildActionMask = 2147483647;
			files = (
				C1D2469C1F44202A00F15347 /* locationUITests.swift in Sources */,
			);
			runOnlyForDeploymentPostprocessing = 0;
		};
/* End PBXSourcesBuildPhase section */

/* Begin PBXTargetDependency section */
		C1D2468E1F44202A00F15347 /* PBXTargetDependency */ = {
			isa = PBXTargetDependency;
			target = C1D246771F44202A00F15347 /* location */;
			targetProxy = C1D2468D1F44202A00F15347 /* PBXContainerItemProxy */;
		};
		C1D246991F44202A00F15347 /* PBXTargetDependency */ = {
			isa = PBXTargetDependency;
			target = C1D246771F44202A00F15347 /* location */;
			targetProxy = C1D246981F44202A00F15347 /* PBXContainerItemProxy */;
		};
/* End PBXTargetDependency section */

/* Begin PBXVariantGroup section */
		C1D2467F1F44202A00F15347 /* Main.storyboard */ = {
			isa = PBXVariantGroup;
			children = (
				C1D246801F44202A00F15347 /* Base */,
			);
			name = Main.storyboard;
			sourceTree = "<group>";
		};
		C1D246841F44202A00F15347 /* LaunchScreen.storyboard */ = {
			isa = PBXVariantGroup;
			children = (
				C1D246851F44202A00F15347 /* Base */,
			);
			name = LaunchScreen.storyboard;
			sourceTree = "<group>";
		};
/* End PBXVariantGroup section */

/* Begin XCBuildConfiguration section */
		C1D2469E1F44202A00F15347 /* Debug */ = {
			isa = XCBuildConfiguration;
			buildSettings = {
				ALWAYS_SEARCH_USER_PATHS = NO;
				CLANG_ANALYZER_NONNULL = YES;
				CLANG_ANALYZER_NUMBER_OBJECT_CONVERSION = YES_AGGRESSIVE;
				CLANG_CXX_LANGUAGE_STANDARD = "gnu++0x";
				CLANG_CXX_LIBRARY = "libc++";
				CLANG_ENABLE_MODULES = YES;
				CLANG_ENABLE_OBJC_ARC = YES;
				CLANG_WARN_BOOL_CONVERSION = YES;
				CLANG_WARN_CONSTANT_CONVERSION = YES;
				CLANG_WARN_DIRECT_OBJC_ISA_USAGE = YES_ERROR;
				CLANG_WARN_DOCUMENTATION_COMMENTS = YES;
				CLANG_WARN_EMPTY_BODY = YES;
				CLANG_WARN_ENUM_CONVERSION = YES;
				CLANG_WARN_INFINITE_RECURSION = YES;
				CLANG_WARN_INT_CONVERSION = YES;
				CLANG_WARN_OBJC_ROOT_CLASS = YES_ERROR;
				CLANG_WARN_SUSPICIOUS_MOVE = YES;
				CLANG_WARN_UNREACHABLE_CODE = YES;
				CLANG_WARN__DUPLICATE_METHOD_MATCH = YES;
				"CODE_SIGN_IDENTITY[sdk=iphoneos*]" = "iPhone Developer";
				COPY_PHASE_STRIP = NO;
				DEBUG_INFORMATION_FORMAT = dwarf;
				ENABLE_STRICT_OBJC_MSGSEND = YES;
				ENABLE_TESTABILITY = YES;
				GCC_C_LANGUAGE_STANDARD = gnu99;
				GCC_DYNAMIC_NO_PIC = NO;
				GCC_NO_COMMON_BLOCKS = YES;
				GCC_OPTIMIZATION_LEVEL = 0;
				GCC_PREPROCESSOR_DEFINITIONS = (
					"DEBUG=1",
					"$(inherited)",
				);
				GCC_WARN_64_TO_32_BIT_CONVERSION = YES;
				GCC_WARN_ABOUT_RETURN_TYPE = YES_ERROR;
				GCC_WARN_UNDECLARED_SELECTOR = YES;
				GCC_WARN_UNINITIALIZED_AUTOS = YES_AGGRESSIVE;
				GCC_WARN_UNUSED_FUNCTION = YES;
				GCC_WARN_UNUSED_VARIABLE = YES;
				IPHONEOS_DEPLOYMENT_TARGET = 10.3;
				MTL_ENABLE_DEBUG_INFO = YES;
				ONLY_ACTIVE_ARCH = YES;
				SDKROOT = iphoneos;
				SWIFT_ACTIVE_COMPILATION_CONDITIONS = DEBUG;
				SWIFT_OPTIMIZATION_LEVEL = "-Onone";
			};
			name = Debug;
		};
		C1D2469F1F44202A00F15347 /* Release */ = {
			isa = XCBuildConfiguration;
			buildSettings = {
				ALWAYS_SEARCH_USER_PATHS = NO;
				CLANG_ANALYZER_NONNULL = YES;
				CLANG_ANALYZER_NUMBER_OBJECT_CONVERSION = YES_AGGRESSIVE;
				CLANG_CXX_LANGUAGE_STANDARD = "gnu++0x";
				CLANG_CXX_LIBRARY = "libc++";
				CLANG_ENABLE_MODULES = YES;
				CLANG_ENABLE_OBJC_ARC = YES;
				CLANG_WARN_BOOL_CONVERSION = YES;
				CLANG_WARN_CONSTANT_CONVERSION = YES;
				CLANG_WARN_DIRECT_OBJC_ISA_USAGE = YES_ERROR;
				CLANG_WARN_DOCUMENTATION_COMMENTS = YES;
				CLANG_WARN_EMPTY_BODY = YES;
				CLANG_WARN_ENUM_CONVERSION = YES;
				CLANG_WARN_INFINITE_RECURSION = YES;
				CLANG_WARN_INT_CONVERSION = YES;
				CLANG_WARN_OBJC_ROOT_CLASS = YES_ERROR;
				CLANG_WARN_SUSPICIOUS_MOVE = YES;
				CLANG_WARN_UNREACHABLE_CODE = YES;
				CLANG_WARN__DUPLICATE_METHOD_MATCH = YES;
				"CODE_SIGN_IDENTITY[sdk=iphoneos*]" = "iPhone Developer";
				COPY_PHASE_STRIP = NO;
				DEBUG_INFORMATION_FORMAT = "dwarf-with-dsym";
				ENABLE_NS_ASSERTIONS = NO;
				ENABLE_STRICT_OBJC_MSGSEND = YES;
				GCC_C_LANGUAGE_STANDARD = gnu99;
				GCC_NO_COMMON_BLOCKS = YES;
				GCC_WARN_64_TO_32_BIT_CONVERSION = YES;
				GCC_WARN_ABOUT_RETURN_TYPE = YES_ERROR;
				GCC_WARN_UNDECLARED_SELECTOR = YES;
				GCC_WARN_UNINITIALIZED_AUTOS = YES_AGGRESSIVE;
				GCC_WARN_UNUSED_FUNCTION = YES;
				GCC_WARN_UNUSED_VARIABLE = YES;
				IPHONEOS_DEPLOYMENT_TARGET = 10.3;
				MTL_ENABLE_DEBUG_INFO = NO;
				SDKROOT = iphoneos;
				SWIFT_OPTIMIZATION_LEVEL = "-Owholemodule";
				VALIDATE_PRODUCT = YES;
			};
			name = Release;
		};
		C1D246A11F44202A00F15347 /* Debug */ = {
			isa = XCBuildConfiguration;
			baseConfigurationReference = BCEC27065F8889D7DE375117 /* Pods-location.debug.xcconfig */;
			buildSettings = {
				ASSETCATALOG_COMPILER_APPICON_NAME = AppIcon;
				DEVELOPMENT_TEAM = 6VU8BC9SZP;
				INFOPLIST_FILE = location/Info.plist;
				LD_RUNPATH_SEARCH_PATHS = "$(inherited) @executable_path/Frameworks";
				PRODUCT_BUNDLE_IDENTIFIER = com.sumit.location;
				PRODUCT_NAME = "$(TARGET_NAME)";
				SWIFT_VERSION = 3.0;
			};
			name = Debug;
		};
		C1D246A21F44202A00F15347 /* Release */ = {
			isa = XCBuildConfiguration;
			baseConfigurationReference = BF7DBDF1F5D0EF3CBA38D4EF /* Pods-location.release.xcconfig */;
			buildSettings = {
				ASSETCATALOG_COMPILER_APPICON_NAME = AppIcon;
				DEVELOPMENT_TEAM = 6VU8BC9SZP;
				INFOPLIST_FILE = location/Info.plist;
				LD_RUNPATH_SEARCH_PATHS = "$(inherited) @executable_path/Frameworks";
				PRODUCT_BUNDLE_IDENTIFIER = com.sumit.location;
				PRODUCT_NAME = "$(TARGET_NAME)";
				SWIFT_VERSION = 3.0;
			};
			name = Release;
		};
		C1D246A41F44202A00F15347 /* Debug */ = {
			isa = XCBuildConfiguration;
			baseConfigurationReference = 5135598866D98374038B46B3 /* Pods-locationTests.debug.xcconfig */;
			buildSettings = {
				ALWAYS_EMBED_SWIFT_STANDARD_LIBRARIES = YES;
				BUNDLE_LOADER = "$(TEST_HOST)";
				DEVELOPMENT_TEAM = 6VU8BC9SZP;
				INFOPLIST_FILE = locationTests/Info.plist;
				LD_RUNPATH_SEARCH_PATHS = "$(inherited) @executable_path/Frameworks @loader_path/Frameworks";
				PRODUCT_BUNDLE_IDENTIFIER = com.sumit.locationTests;
				PRODUCT_NAME = "$(TARGET_NAME)";
				SWIFT_VERSION = 3.0;
				TEST_HOST = "$(BUILT_PRODUCTS_DIR)/location.app/location";
			};
			name = Debug;
		};
		C1D246A51F44202A00F15347 /* Release */ = {
			isa = XCBuildConfiguration;
			baseConfigurationReference = D487BCD3125CB22984B6C836 /* Pods-locationTests.release.xcconfig */;
			buildSettings = {
				ALWAYS_EMBED_SWIFT_STANDARD_LIBRARIES = YES;
				BUNDLE_LOADER = "$(TEST_HOST)";
				DEVELOPMENT_TEAM = 6VU8BC9SZP;
				INFOPLIST_FILE = locationTests/Info.plist;
				LD_RUNPATH_SEARCH_PATHS = "$(inherited) @executable_path/Frameworks @loader_path/Frameworks";
				PRODUCT_BUNDLE_IDENTIFIER = com.sumit.locationTests;
				PRODUCT_NAME = "$(TARGET_NAME)";
				SWIFT_VERSION = 3.0;
				TEST_HOST = "$(BUILT_PRODUCTS_DIR)/location.app/location";
			};
			name = Release;
		};
		C1D246A71F44202A00F15347 /* Debug */ = {
			isa = XCBuildConfiguration;
			baseConfigurationReference = C5D625B9382887B56CFE10BA /* Pods-locationUITests.debug.xcconfig */;
			buildSettings = {
				ALWAYS_EMBED_SWIFT_STANDARD_LIBRARIES = YES;
				DEVELOPMENT_TEAM = 6VU8BC9SZP;
				INFOPLIST_FILE = locationUITests/Info.plist;
				LD_RUNPATH_SEARCH_PATHS = "$(inherited) @executable_path/Frameworks @loader_path/Frameworks";
				PRODUCT_BUNDLE_IDENTIFIER = com.sumit.locationUITests;
				PRODUCT_NAME = "$(TARGET_NAME)";
				SWIFT_VERSION = 3.0;
				TEST_TARGET_NAME = location;
			};
			name = Debug;
		};
		C1D246A81F44202A00F15347 /* Release */ = {
			isa = XCBuildConfiguration;
			baseConfigurationReference = CCFE0BDD94163AC4BBE8BB65 /* Pods-locationUITests.release.xcconfig */;
			buildSettings = {
				ALWAYS_EMBED_SWIFT_STANDARD_LIBRARIES = YES;
				DEVELOPMENT_TEAM = 6VU8BC9SZP;
				INFOPLIST_FILE = locationUITests/Info.plist;
				LD_RUNPATH_SEARCH_PATHS = "$(inherited) @executable_path/Frameworks @loader_path/Frameworks";
				PRODUCT_BUNDLE_IDENTIFIER = com.sumit.locationUITests;
				PRODUCT_NAME = "$(TARGET_NAME)";
				SWIFT_VERSION = 3.0;
				TEST_TARGET_NAME = location;
			};
			name = Release;
		};
/* End XCBuildConfiguration section */

/* Begin XCConfigurationList section */
		C1D246731F44202A00F15347 /* Build configuration list for PBXProject "location" */ = {
			isa = XCConfigurationList;
			buildConfigurations = (
				C1D2469E1F44202A00F15347 /* Debug */,
				C1D2469F1F44202A00F15347 /* Release */,
			);
			defaultConfigurationIsVisible = 0;
			defaultConfigurationName = Release;
		};
		C1D246A01F44202A00F15347 /* Build configuration list for PBXNativeTarget "location" */ = {
			isa = XCConfigurationList;
			buildConfigurations = (
				C1D246A11F44202A00F15347 /* Debug */,
				C1D246A21F44202A00F15347 /* Release */,
			);
			defaultConfigurationIsVisible = 0;
			defaultConfigurationName = Release;
		};
		C1D246A31F44202A00F15347 /* Build configuration list for PBXNativeTarget "locationTests" */ = {
			isa = XCConfigurationList;
			buildConfigurations = (
				C1D246A41F44202A00F15347 /* Debug */,
				C1D246A51F44202A00F15347 /* Release */,
			);
			defaultConfigurationIsVisible = 0;
			defaultConfigurationName = Release;
		};
		C1D246A61F44202A00F15347 /* Build configuration list for PBXNativeTarget "locationUITests" */ = {
			isa = XCConfigurationList;
			buildConfigurations = (
				C1D246A71F44202A00F15347 /* Debug */,
				C1D246A81F44202A00F15347 /* Release */,
			);
			defaultConfigurationIsVisible = 0;
			defaultConfigurationName = Release;
		};
/* End XCConfigurationList section */
	};
	rootObject = C1D246701F44202A00F15347 /* Project object */;
}
